
Microsoft Visual Studio Solution File, Format Version 12.00
# Visual Studio Version 17
VisualStudioVersion = 17.9.34714.143
MinimumVisualStudioVersion = 10.0.40219.1
Project("{9A19103F-16F7-4668-BE54-9A1E7A4F7556}") = "MES.Core", "MES.Core\MES.Core.csproj", "{7D22523E-DAE2-43B4-BDB6-61C9056D6CDE}"
EndProject
Project("{9A19103F-16F7-4668-BE54-9A1E7A4F7556}") = "TestProject2", "TestProject2\TestProject2.csproj", "{101D45DB-A704-4A17-A25B-85E20E1788A3}"
EndProject
Project("{9A19103F-16F7-4668-BE54-9A1E7A4F7556}") = "MES.WebAPI", "MES.WebAPI\MES.WebAPI.csproj", "{D839E7CF-797D-4F68-9870-DB95CEDCD032}"
EndProject
Project("{9A19103F-16F7-4668-BE54-9A1E7A4F7556}") = "MES.MiddleWare", "MES.MiddleWare\MES.MiddleWare.csproj", "{5A8C7CDA-2AD7-4F2D-98DD-C4B1F14EF3F9}"
EndProject
Project("{9A19103F-16F7-4668-BE54-9A1E7A4F7556}") = "DigiERP", "DigiERP\DigiERP.csproj", "{56034446-2EFA-4851-BBDB-2189A001A0BD}"
EndProject
Project("{FAE04EC0-301F-11D3-BF4B-00C04F79EFBC}") = "InstallerHelper", "InstallerHelper\InstallerHelper.csproj", "{4D12D044-A862-464F-823E-B4FB88280826}"
EndProject
Project("{54435603-DBB4-11D2-8724-00A0C9A8B90C}") = "DigiERP__Installer", "DigiERP__Installer\DigiERP__Installer.vdproj", "{56770E65-30FC-4CA0-B9F6-537BD8ABB109}"
EndProject
Global
	GlobalSection(SolutionConfigurationPlatforms) = preSolution
		Debug|Any CPU = Debug|Any CPU
		Release|Any CPU = Release|Any CPU
	EndGlobalSection
	GlobalSection(ProjectConfigurationPlatforms) = postSolution
		{7D22523E-DAE2-43B4-BDB6-61C9056D6CDE}.Debug|Any CPU.ActiveCfg = Debug|Any CPU
		{7D22523E-DAE2-43B4-BDB6-61C9056D6CDE}.Debug|Any CPU.Build.0 = Debug|Any CPU
		{7D22523E-DAE2-43B4-BDB6-61C9056D6CDE}.Release|Any CPU.ActiveCfg = Release|Any CPU
		{7D22523E-DAE2-43B4-BDB6-61C9056D6CDE}.Release|Any CPU.Build.0 = Release|Any CPU
		{101D45DB-A704-4A17-A25B-85E20E1788A3}.Debug|Any CPU.ActiveCfg = Debug|Any CPU
		{101D45DB-A704-4A17-A25B-85E20E1788A3}.Debug|Any CPU.Build.0 = Debug|Any CPU
		{101D45DB-A704-4A17-A25B-85E20E1788A3}.Release|Any CPU.ActiveCfg = Release|Any CPU
		{101D45DB-A704-4A17-A25B-85E20E1788A3}.Release|Any CPU.Build.0 = Release|Any CPU
		{D839E7CF-797D-4F68-9870-DB95CEDCD032}.Debug|Any CPU.ActiveCfg = Debug|Any CPU
		{D839E7CF-797D-4F68-9870-DB95CEDCD032}.Debug|Any CPU.Build.0 = Debug|Any CPU
		{D839E7CF-797D-4F68-9870-DB95CEDCD032}.Release|Any CPU.ActiveCfg = Release|Any CPU
		{D839E7CF-797D-4F68-9870-DB95CEDCD032}.Release|Any CPU.Build.0 = Release|Any CPU
		{5A8C7CDA-2AD7-4F2D-98DD-C4B1F14EF3F9}.Debug|Any CPU.ActiveCfg = Debug|Any CPU
		{5A8C7CDA-2AD7-4F2D-98DD-C4B1F14EF3F9}.Debug|Any CPU.Build.0 = Debug|Any CPU
		{5A8C7CDA-2AD7-4F2D-98DD-C4B1F14EF3F9}.Release|Any CPU.ActiveCfg = Release|Any CPU
		{5A8C7CDA-2AD7-4F2D-98DD-C4B1F14EF3F9}.Release|Any CPU.Build.0 = Release|Any CPU
		{56034446-2EFA-4851-BBDB-2189A001A0BD}.Debug|Any CPU.ActiveCfg = Debug|Any CPU
		{56034446-2EFA-4851-BBDB-2189A001A0BD}.Debug|Any CPU.Build.0 = Debug|Any CPU
		{56034446-2EFA-4851-BBDB-2189A001A0BD}.Release|Any CPU.ActiveCfg = Release|Any CPU
		{56034446-2EFA-4851-BBDB-2189A001A0BD}.Release|Any CPU.Build.0 = Release|Any CPU
		{4D12D044-A862-464F-823E-B4FB88280826}.Debug|Any CPU.ActiveCfg = Debug|Any CPU
		{4D12D044-A862-464F-823E-B4FB88280826}.Debug|Any CPU.Build.0 = Debug|Any CPU
		{4D12D044-A862-464F-823E-B4FB88280826}.Release|Any CPU.ActiveCfg = Release|Any CPU
		{4D12D044-A862-464F-823E-B4FB88280826}.Release|Any CPU.Build.0 = Release|Any CPU
		{56770E65-30FC-4CA0-B9F6-537BD8ABB109}.Debug|Any CPU.ActiveCfg = Debug
		{56770E65-30FC-4CA0-B9F6-537BD8ABB109}.Release|Any CPU.ActiveCfg = Release
	EndGlobalSection
	GlobalSection(SolutionProperties) = preSolution
		HideSolutionNode = FALSE
	EndGlobalSection
	GlobalSection(ExtensibilityGlobals) = postSolution
		SolutionGuid = {57B40A8F-531F-4ABE-82FB-6C66045F95B1}
	EndGlobalSection
EndGlobal
